
Microsoft Visual Studio Solution File, Format Version 12.00
# Visual Studio Version 17
VisualStudioVersion = 17.0.31912.275
MinimumVisualStudioVersion = 10.0.40219.1
Project("{FAE04EC0-301F-11D3-BF4B-00C04F79EFBC}") = "capstonePrototype", "capstonePrototype\capstonePrototype.csproj", "{3FD59906-4B4C-4322-B309-25186447F060}"
EndProject
Global
	GlobalSection(SolutionConfigurationPlatforms) = preSolution
		Debug|Any CPU = Debug|Any CPU
		Release|Any CPU = Release|Any CPU
	EndGlobalSection
	GlobalSection(ProjectConfigurationPlatforms) = postSolution
		{3FD59906-4B4C-4322-B309-25186447F060}.Debug|Any CPU.ActiveCfg = Debug|Any CPU
		{3FD59906-4B4C-4322-B309-25186447F060}.Debug|Any CPU.Build.0 = Debug|Any CPU
		{3FD59906-4B4C-4322-B309-25186447F060}.Release|Any CPU.ActiveCfg = Release|Any CPU
		{3FD59906-4B4C-4322-B309-25186447F060}.Release|Any CPU.Build.0 = Release|Any CPU
	EndGlobalSection
	GlobalSection(SolutionProperties) = preSolution
		HideSolutionNode = FALSE
	EndGlobalSection
	GlobalSection(ExtensibilityGlobals) = postSolution
		SolutionGuid = {A8FDA246-97BA-42DE-9989-B93EFB4AA332}
	EndGlobalSection
EndGlobal
